
Microsoft Visual Studio Solution File, Format Version 12.00
# Visual Studio 2010
Project("{2150E333-8FDC-42A3-9474-1A3956D46DE8}") = "1. AspNet.TinyControllers", "1. AspNet.TinyControllers", "{39E2EC12-F861-43A2-8AEC-84F288213411}"
EndProject
Project("{FAE04EC0-301F-11D3-BF4B-00C04F79EFBC}") = "AspNet.TinyControllers.Mvc1", "AspNet.TinyControllers.Mvc1\AspNet.TinyControllers.Mvc1.csproj", "{460C7602-CC96-4EE4-BA7D-1BC40423BCCA}"
EndProject
Project("{FAE04EC0-301F-11D3-BF4B-00C04F79EFBC}") = "AspNet.TinyControllers.Mvc2", "AspNet.TinyControllers.Mvc2\AspNet.TinyControllers.Mvc2.csproj", "{F1ECBEA5-3FC5-4AB8-8D80-B133BE6C5D00}"
EndProject
Project("{FAE04EC0-301F-11D3-BF4B-00C04F79EFBC}") = "AspNet.TinyControllers.Mvc3", "AspNet.TinyControllers.Mvc3\AspNet.TinyControllers.Mvc3.csproj", "{3DE493BF-4D86-4215-8B65-318762513348}"
EndProject
Project("{FAE04EC0-301F-11D3-BF4B-00C04F79EFBC}") = "AspNet.TinyControllers.Mvc4", "AspNet.TinyControllers.Mvc4\AspNet.TinyControllers.Mvc4.csproj", "{9183A2A7-76D7-4E2B-B256-BC88DF45F2BD}"
EndProject
Project("{FAE04EC0-301F-11D3-BF4B-00C04F79EFBC}") = "AspNet.TinyControllers.Mvc1.Sample", "AspNet.TinyControllers.Mvc1.Sample\AspNet.TinyControllers.Mvc1.Sample.csproj", "{98FB0208-6CEC-4F69-96B3-44A095151A54}"
EndProject
Project("{FAE04EC0-301F-11D3-BF4B-00C04F79EFBC}") = "AspNet.TinyControllers.Mvc2.Sample", "AspNet.TinyControllers.Mvc2.Sample\AspNet.TinyControllers.Mvc2.Sample.csproj", "{86D06485-D1EB-4E1C-8966-1BD02719B04C}"
EndProject
Project("{FAE04EC0-301F-11D3-BF4B-00C04F79EFBC}") = "AspNet.TinyControllers.Mvc3.Sample", "AspNet.TinyControllers.Mvc3.Sample\AspNet.TinyControllers.Mvc3.Sample.csproj", "{C4D5A15E-BB3F-4A75-AD13-941F6970945D}"
EndProject
Project("{FAE04EC0-301F-11D3-BF4B-00C04F79EFBC}") = "AspNet.TinyControllers.Mvc4.Sample", "AspNet.TinyControllers.Mvc4.Sample\AspNet.TinyControllers.Mvc4.Sample.csproj", "{5807F518-97C8-4160-9BFC-2DC7EBA64A5B}"
EndProject
Project("{2150E333-8FDC-42A3-9474-1A3956D46DE8}") = "2. AspNet.NoMvc", "2. AspNet.NoMvc", "{3EB512B2-EDB6-49AC-B140-FEA261D72E0D}"
EndProject
Project("{FAE04EC0-301F-11D3-BF4B-00C04F79EFBC}") = "AspNet.NoMvc.Mvc1", "AspNet.NoMvc.Mvc1\AspNet.NoMvc.Mvc1.csproj", "{88BD27CE-080E-4E9D-A832-F38225505285}"
EndProject
Project("{FAE04EC0-301F-11D3-BF4B-00C04F79EFBC}") = "AspNet.NoMvc.Mvc2", "AspNet.NoMvc.Mvc2\AspNet.NoMvc.Mvc2.csproj", "{3C1B69C1-412A-4FEC-B997-420285CE80D9}"
EndProject
Project("{FAE04EC0-301F-11D3-BF4B-00C04F79EFBC}") = "AspNet.NoMvc.Mvc3", "AspNet.NoMvc.Mvc3\AspNet.NoMvc.Mvc3.csproj", "{1C36B052-F3BB-43C9-A6E8-A997E5ED0E8B}"
EndProject
Project("{FAE04EC0-301F-11D3-BF4B-00C04F79EFBC}") = "AspNet.NoMvc.Mvc4", "AspNet.NoMvc.Mvc4\AspNet.NoMvc.Mvc4.csproj", "{4B25461F-265B-4DA3-97C2-FEFC4C59CAC6}"
EndProject
Project("{FAE04EC0-301F-11D3-BF4B-00C04F79EFBC}") = "AspNet.NoMvc.Mvc2.Sample", "AspNet.NoMvc.Mvc2.Sample\AspNet.NoMvc.Mvc2.Sample.csproj", "{EC9BC273-B7F1-4E78-87FF-D8115BA67C71}"
EndProject
Project("{2150E333-8FDC-42A3-9474-1A3956D46DE8}") = "3. AspNet.NoMvcAndTinyControllers", "3. AspNet.NoMvcAndTinyControllers", "{87CB724E-23AE-4F41-802C-195E05FCD5FD}"
EndProject
Project("{FAE04EC0-301F-11D3-BF4B-00C04F79EFBC}") = "AspNet.NoMvcAndTinyControllers.Sample", "AspNet.NoMvcAndTinyControllers.Sample\AspNet.NoMvcAndTinyControllers.Sample.csproj", "{662C3400-9DDE-4A41-AA43-B8DB8EE54315}"
EndProject
Project("{FAE04EC0-301F-11D3-BF4B-00C04F79EFBC}") = "AspNet.NoMvc.Mvc3.Sample", "AspNet.NoMvc.Mvc3.Sample\AspNet.NoMvc.Mvc3.Sample.csproj", "{7D596AD5-CDF4-4E6D-9EE0-19FD73A5A3DA}"
EndProject
Project("{FAE04EC0-301F-11D3-BF4B-00C04F79EFBC}") = "AspNet.NoMvc.Mvc4.Sample", "AspNet.NoMvc.Mvc4.Sample\AspNet.NoMvc.Mvc4.Sample.csproj", "{5DDA42AD-5D8E-4499-BC0B-3C47A368C024}"
EndProject
Project("{FAE04EC0-301F-11D3-BF4B-00C04F79EFBC}") = "AspNet.NoMvc.Mvc1.Sample", "AspNet.NoMvc.Mvc1.Sample\AspNet.NoMvc.Mvc1.Sample.csproj", "{81946913-D4C7-423B-B74F-D80F8D3E38F2}"
EndProject
Project("{FAE04EC0-301F-11D3-BF4B-00C04F79EFBC}") = "AspNet.NoMvc.Mvc4.Tests", "AspNet.NoMvc.Mvc4.Tests\AspNet.NoMvc.Mvc4.Tests.csproj", "{F66917E9-CDA2-4985-8ADB-F6ABB00DFA86}"
EndProject
Project("{FAE04EC0-301F-11D3-BF4B-00C04F79EFBC}") = "AspNet.NoMvc.Mvc3.Tests", "AspNet.NoMvc.Mvc3.Tests\AspNet.NoMvc.Mvc3.Tests.csproj", "{388D5D20-3EDA-4841-8354-C1D60A2AC235}"
EndProject
Project("{2150E333-8FDC-42A3-9474-1A3956D46DE8}") = "MVC 1", "MVC 1", "{220AE90D-0A1F-4829-AAB7-1AAE700D36CC}"
EndProject
Project("{2150E333-8FDC-42A3-9474-1A3956D46DE8}") = "MVC 2", "MVC 2", "{59A09AFA-3ED9-41E8-9F4F-6923DDF228F3}"
EndProject
Project("{2150E333-8FDC-42A3-9474-1A3956D46DE8}") = "MVC 3", "MVC 3", "{D583E56E-8BB8-4860-8CAE-D82AAC66A785}"
EndProject
Project("{2150E333-8FDC-42A3-9474-1A3956D46DE8}") = "MVC 4", "MVC 4", "{E4B12920-F581-4BD2-95E9-44E783FDD98E}"
EndProject
Project("{FAE04EC0-301F-11D3-BF4B-00C04F79EFBC}") = "AspNet.NoMvc.Mvc2.Tests", "AspNet.NoMvc.Mvc2.Tests\AspNet.NoMvc.Mvc2.Tests.csproj", "{8E490E76-3155-4E69-9C6E-D9E1FD69B25E}"
EndProject
Project("{FAE04EC0-301F-11D3-BF4B-00C04F79EFBC}") = "AspNet.NoMvc.Mvc1.Tests", "AspNet.NoMvc.Mvc1.Tests\AspNet.NoMvc.Mvc1.Tests.csproj", "{EA4F9366-2AFA-4E3A-B0A7-5066B9C14D91}"
EndProject
Project("{2150E333-8FDC-42A3-9474-1A3956D46DE8}") = "MVC 1", "MVC 1", "{9C046DAE-DC9B-41B3-9171-A8040FEE1F5F}"
EndProject
Project("{2150E333-8FDC-42A3-9474-1A3956D46DE8}") = "MVC 2", "MVC 2", "{6B99E18F-6F08-444E-8FE6-A1E955A81A0B}"
EndProject
Project("{2150E333-8FDC-42A3-9474-1A3956D46DE8}") = "MVC 3", "MVC 3", "{BDFAFC85-45DF-4DA6-A623-97E8AD2F18E4}"
EndProject
Project("{2150E333-8FDC-42A3-9474-1A3956D46DE8}") = "MVC 4", "MVC 4", "{16984E62-55D6-4207-8025-FF7FE5D67FF4}"
EndProject
Global
	GlobalSection(SolutionConfigurationPlatforms) = preSolution
		Debug|Any CPU = Debug|Any CPU
		Release|Any CPU = Release|Any CPU
	EndGlobalSection
	GlobalSection(ProjectConfigurationPlatforms) = postSolution
		{460C7602-CC96-4EE4-BA7D-1BC40423BCCA}.Debug|Any CPU.ActiveCfg = Debug|Any CPU
		{460C7602-CC96-4EE4-BA7D-1BC40423BCCA}.Debug|Any CPU.Build.0 = Debug|Any CPU
		{460C7602-CC96-4EE4-BA7D-1BC40423BCCA}.Release|Any CPU.ActiveCfg = Release|Any CPU
		{460C7602-CC96-4EE4-BA7D-1BC40423BCCA}.Release|Any CPU.Build.0 = Release|Any CPU
		{F1ECBEA5-3FC5-4AB8-8D80-B133BE6C5D00}.Debug|Any CPU.ActiveCfg = Debug|Any CPU
		{F1ECBEA5-3FC5-4AB8-8D80-B133BE6C5D00}.Debug|Any CPU.Build.0 = Debug|Any CPU
		{F1ECBEA5-3FC5-4AB8-8D80-B133BE6C5D00}.Release|Any CPU.ActiveCfg = Release|Any CPU
		{F1ECBEA5-3FC5-4AB8-8D80-B133BE6C5D00}.Release|Any CPU.Build.0 = Release|Any CPU
		{3DE493BF-4D86-4215-8B65-318762513348}.Debug|Any CPU.ActiveCfg = Debug|Any CPU
		{3DE493BF-4D86-4215-8B65-318762513348}.Debug|Any CPU.Build.0 = Debug|Any CPU
		{3DE493BF-4D86-4215-8B65-318762513348}.Release|Any CPU.ActiveCfg = Release|Any CPU
		{3DE493BF-4D86-4215-8B65-318762513348}.Release|Any CPU.Build.0 = Release|Any CPU
		{9183A2A7-76D7-4E2B-B256-BC88DF45F2BD}.Debug|Any CPU.ActiveCfg = Debug|Any CPU
		{9183A2A7-76D7-4E2B-B256-BC88DF45F2BD}.Debug|Any CPU.Build.0 = Debug|Any CPU
		{9183A2A7-76D7-4E2B-B256-BC88DF45F2BD}.Release|Any CPU.ActiveCfg = Release|Any CPU
		{9183A2A7-76D7-4E2B-B256-BC88DF45F2BD}.Release|Any CPU.Build.0 = Release|Any CPU
		{98FB0208-6CEC-4F69-96B3-44A095151A54}.Debug|Any CPU.ActiveCfg = Debug|Any CPU
		{98FB0208-6CEC-4F69-96B3-44A095151A54}.Debug|Any CPU.Build.0 = Debug|Any CPU
		{98FB0208-6CEC-4F69-96B3-44A095151A54}.Release|Any CPU.ActiveCfg = Release|Any CPU
		{98FB0208-6CEC-4F69-96B3-44A095151A54}.Release|Any CPU.Build.0 = Release|Any CPU
		{86D06485-D1EB-4E1C-8966-1BD02719B04C}.Debug|Any CPU.ActiveCfg = Debug|Any CPU
		{86D06485-D1EB-4E1C-8966-1BD02719B04C}.Debug|Any CPU.Build.0 = Debug|Any CPU
		{86D06485-D1EB-4E1C-8966-1BD02719B04C}.Release|Any CPU.ActiveCfg = Release|Any CPU
		{86D06485-D1EB-4E1C-8966-1BD02719B04C}.Release|Any CPU.Build.0 = Release|Any CPU
		{C4D5A15E-BB3F-4A75-AD13-941F6970945D}.Debug|Any CPU.ActiveCfg = Debug|Any CPU
		{C4D5A15E-BB3F-4A75-AD13-941F6970945D}.Debug|Any CPU.Build.0 = Debug|Any CPU
		{C4D5A15E-BB3F-4A75-AD13-941F6970945D}.Release|Any CPU.ActiveCfg = Release|Any CPU
		{C4D5A15E-BB3F-4A75-AD13-941F6970945D}.Release|Any CPU.Build.0 = Release|Any CPU
		{5807F518-97C8-4160-9BFC-2DC7EBA64A5B}.Debug|Any CPU.ActiveCfg = Debug|Any CPU
		{5807F518-97C8-4160-9BFC-2DC7EBA64A5B}.Debug|Any CPU.Build.0 = Debug|Any CPU
		{5807F518-97C8-4160-9BFC-2DC7EBA64A5B}.Release|Any CPU.ActiveCfg = Release|Any CPU
		{5807F518-97C8-4160-9BFC-2DC7EBA64A5B}.Release|Any CPU.Build.0 = Release|Any CPU
		{88BD27CE-080E-4E9D-A832-F38225505285}.Debug|Any CPU.ActiveCfg = Debug|Any CPU
		{88BD27CE-080E-4E9D-A832-F38225505285}.Debug|Any CPU.Build.0 = Debug|Any CPU
		{88BD27CE-080E-4E9D-A832-F38225505285}.Release|Any CPU.ActiveCfg = Release|Any CPU
		{88BD27CE-080E-4E9D-A832-F38225505285}.Release|Any CPU.Build.0 = Release|Any CPU
		{3C1B69C1-412A-4FEC-B997-420285CE80D9}.Debug|Any CPU.ActiveCfg = Debug|Any CPU
		{3C1B69C1-412A-4FEC-B997-420285CE80D9}.Debug|Any CPU.Build.0 = Debug|Any CPU
		{3C1B69C1-412A-4FEC-B997-420285CE80D9}.Release|Any CPU.ActiveCfg = Release|Any CPU
		{3C1B69C1-412A-4FEC-B997-420285CE80D9}.Release|Any CPU.Build.0 = Release|Any CPU
		{1C36B052-F3BB-43C9-A6E8-A997E5ED0E8B}.Debug|Any CPU.ActiveCfg = Debug|Any CPU
		{1C36B052-F3BB-43C9-A6E8-A997E5ED0E8B}.Debug|Any CPU.Build.0 = Debug|Any CPU
		{1C36B052-F3BB-43C9-A6E8-A997E5ED0E8B}.Release|Any CPU.ActiveCfg = Release|Any CPU
		{1C36B052-F3BB-43C9-A6E8-A997E5ED0E8B}.Release|Any CPU.Build.0 = Release|Any CPU
		{4B25461F-265B-4DA3-97C2-FEFC4C59CAC6}.Debug|Any CPU.ActiveCfg = Debug|Any CPU
		{4B25461F-265B-4DA3-97C2-FEFC4C59CAC6}.Debug|Any CPU.Build.0 = Debug|Any CPU
		{4B25461F-265B-4DA3-97C2-FEFC4C59CAC6}.Release|Any CPU.ActiveCfg = Release|Any CPU
		{4B25461F-265B-4DA3-97C2-FEFC4C59CAC6}.Release|Any CPU.Build.0 = Release|Any CPU
		{EC9BC273-B7F1-4E78-87FF-D8115BA67C71}.Debug|Any CPU.ActiveCfg = Debug|Any CPU
		{EC9BC273-B7F1-4E78-87FF-D8115BA67C71}.Debug|Any CPU.Build.0 = Debug|Any CPU
		{EC9BC273-B7F1-4E78-87FF-D8115BA67C71}.Release|Any CPU.ActiveCfg = Release|Any CPU
		{EC9BC273-B7F1-4E78-87FF-D8115BA67C71}.Release|Any CPU.Build.0 = Release|Any CPU
		{662C3400-9DDE-4A41-AA43-B8DB8EE54315}.Debug|Any CPU.ActiveCfg = Debug|Any CPU
		{662C3400-9DDE-4A41-AA43-B8DB8EE54315}.Debug|Any CPU.Build.0 = Debug|Any CPU
		{662C3400-9DDE-4A41-AA43-B8DB8EE54315}.Release|Any CPU.ActiveCfg = Release|Any CPU
		{662C3400-9DDE-4A41-AA43-B8DB8EE54315}.Release|Any CPU.Build.0 = Release|Any CPU
		{7D596AD5-CDF4-4E6D-9EE0-19FD73A5A3DA}.Debug|Any CPU.ActiveCfg = Debug|Any CPU
		{7D596AD5-CDF4-4E6D-9EE0-19FD73A5A3DA}.Debug|Any CPU.Build.0 = Debug|Any CPU
		{7D596AD5-CDF4-4E6D-9EE0-19FD73A5A3DA}.Release|Any CPU.ActiveCfg = Release|Any CPU
		{7D596AD5-CDF4-4E6D-9EE0-19FD73A5A3DA}.Release|Any CPU.Build.0 = Release|Any CPU
		{5DDA42AD-5D8E-4499-BC0B-3C47A368C024}.Debug|Any CPU.ActiveCfg = Debug|Any CPU
		{5DDA42AD-5D8E-4499-BC0B-3C47A368C024}.Debug|Any CPU.Build.0 = Debug|Any CPU
		{5DDA42AD-5D8E-4499-BC0B-3C47A368C024}.Release|Any CPU.ActiveCfg = Release|Any CPU
		{5DDA42AD-5D8E-4499-BC0B-3C47A368C024}.Release|Any CPU.Build.0 = Release|Any CPU
		{81946913-D4C7-423B-B74F-D80F8D3E38F2}.Debug|Any CPU.ActiveCfg = Debug|Any CPU
		{81946913-D4C7-423B-B74F-D80F8D3E38F2}.Debug|Any CPU.Build.0 = Debug|Any CPU
		{81946913-D4C7-423B-B74F-D80F8D3E38F2}.Release|Any CPU.ActiveCfg = Release|Any CPU
		{81946913-D4C7-423B-B74F-D80F8D3E38F2}.Release|Any CPU.Build.0 = Release|Any CPU
		{F66917E9-CDA2-4985-8ADB-F6ABB00DFA86}.Debug|Any CPU.ActiveCfg = Debug|Any CPU
		{F66917E9-CDA2-4985-8ADB-F6ABB00DFA86}.Debug|Any CPU.Build.0 = Debug|Any CPU
		{F66917E9-CDA2-4985-8ADB-F6ABB00DFA86}.Release|Any CPU.ActiveCfg = Release|Any CPU
		{F66917E9-CDA2-4985-8ADB-F6ABB00DFA86}.Release|Any CPU.Build.0 = Release|Any CPU
		{388D5D20-3EDA-4841-8354-C1D60A2AC235}.Debug|Any CPU.ActiveCfg = Debug|Any CPU
		{388D5D20-3EDA-4841-8354-C1D60A2AC235}.Debug|Any CPU.Build.0 = Debug|Any CPU
		{388D5D20-3EDA-4841-8354-C1D60A2AC235}.Release|Any CPU.ActiveCfg = Release|Any CPU
		{388D5D20-3EDA-4841-8354-C1D60A2AC235}.Release|Any CPU.Build.0 = Release|Any CPU
		{8E490E76-3155-4E69-9C6E-D9E1FD69B25E}.Debug|Any CPU.ActiveCfg = Debug|Any CPU
		{8E490E76-3155-4E69-9C6E-D9E1FD69B25E}.Debug|Any CPU.Build.0 = Debug|Any CPU
		{8E490E76-3155-4E69-9C6E-D9E1FD69B25E}.Release|Any CPU.ActiveCfg = Release|Any CPU
		{8E490E76-3155-4E69-9C6E-D9E1FD69B25E}.Release|Any CPU.Build.0 = Release|Any CPU
		{EA4F9366-2AFA-4E3A-B0A7-5066B9C14D91}.Debug|Any CPU.ActiveCfg = Debug|Any CPU
		{EA4F9366-2AFA-4E3A-B0A7-5066B9C14D91}.Debug|Any CPU.Build.0 = Debug|Any CPU
		{EA4F9366-2AFA-4E3A-B0A7-5066B9C14D91}.Release|Any CPU.ActiveCfg = Release|Any CPU
		{EA4F9366-2AFA-4E3A-B0A7-5066B9C14D91}.Release|Any CPU.Build.0 = Release|Any CPU
	EndGlobalSection
	GlobalSection(SolutionProperties) = preSolution
		HideSolutionNode = FALSE
	EndGlobalSection
	GlobalSection(NestedProjects) = preSolution
		{9C046DAE-DC9B-41B3-9171-A8040FEE1F5F} = {39E2EC12-F861-43A2-8AEC-84F288213411}
		{6B99E18F-6F08-444E-8FE6-A1E955A81A0B} = {39E2EC12-F861-43A2-8AEC-84F288213411}
		{BDFAFC85-45DF-4DA6-A623-97E8AD2F18E4} = {39E2EC12-F861-43A2-8AEC-84F288213411}
		{16984E62-55D6-4207-8025-FF7FE5D67FF4} = {39E2EC12-F861-43A2-8AEC-84F288213411}
		{220AE90D-0A1F-4829-AAB7-1AAE700D36CC} = {3EB512B2-EDB6-49AC-B140-FEA261D72E0D}
		{59A09AFA-3ED9-41E8-9F4F-6923DDF228F3} = {3EB512B2-EDB6-49AC-B140-FEA261D72E0D}
		{D583E56E-8BB8-4860-8CAE-D82AAC66A785} = {3EB512B2-EDB6-49AC-B140-FEA261D72E0D}
		{E4B12920-F581-4BD2-95E9-44E783FDD98E} = {3EB512B2-EDB6-49AC-B140-FEA261D72E0D}
		{662C3400-9DDE-4A41-AA43-B8DB8EE54315} = {87CB724E-23AE-4F41-802C-195E05FCD5FD}
		{81946913-D4C7-423B-B74F-D80F8D3E38F2} = {220AE90D-0A1F-4829-AAB7-1AAE700D36CC}
		{88BD27CE-080E-4E9D-A832-F38225505285} = {220AE90D-0A1F-4829-AAB7-1AAE700D36CC}
		{EA4F9366-2AFA-4E3A-B0A7-5066B9C14D91} = {220AE90D-0A1F-4829-AAB7-1AAE700D36CC}
		{EC9BC273-B7F1-4E78-87FF-D8115BA67C71} = {59A09AFA-3ED9-41E8-9F4F-6923DDF228F3}
		{3C1B69C1-412A-4FEC-B997-420285CE80D9} = {59A09AFA-3ED9-41E8-9F4F-6923DDF228F3}
		{8E490E76-3155-4E69-9C6E-D9E1FD69B25E} = {59A09AFA-3ED9-41E8-9F4F-6923DDF228F3}
		{7D596AD5-CDF4-4E6D-9EE0-19FD73A5A3DA} = {D583E56E-8BB8-4860-8CAE-D82AAC66A785}
		{388D5D20-3EDA-4841-8354-C1D60A2AC235} = {D583E56E-8BB8-4860-8CAE-D82AAC66A785}
		{1C36B052-F3BB-43C9-A6E8-A997E5ED0E8B} = {D583E56E-8BB8-4860-8CAE-D82AAC66A785}
		{5DDA42AD-5D8E-4499-BC0B-3C47A368C024} = {E4B12920-F581-4BD2-95E9-44E783FDD98E}
		{F66917E9-CDA2-4985-8ADB-F6ABB00DFA86} = {E4B12920-F581-4BD2-95E9-44E783FDD98E}
		{4B25461F-265B-4DA3-97C2-FEFC4C59CAC6} = {E4B12920-F581-4BD2-95E9-44E783FDD98E}
		{98FB0208-6CEC-4F69-96B3-44A095151A54} = {9C046DAE-DC9B-41B3-9171-A8040FEE1F5F}
		{460C7602-CC96-4EE4-BA7D-1BC40423BCCA} = {9C046DAE-DC9B-41B3-9171-A8040FEE1F5F}
		{86D06485-D1EB-4E1C-8966-1BD02719B04C} = {6B99E18F-6F08-444E-8FE6-A1E955A81A0B}
		{F1ECBEA5-3FC5-4AB8-8D80-B133BE6C5D00} = {6B99E18F-6F08-444E-8FE6-A1E955A81A0B}
		{3DE493BF-4D86-4215-8B65-318762513348} = {BDFAFC85-45DF-4DA6-A623-97E8AD2F18E4}
		{C4D5A15E-BB3F-4A75-AD13-941F6970945D} = {BDFAFC85-45DF-4DA6-A623-97E8AD2F18E4}
		{9183A2A7-76D7-4E2B-B256-BC88DF45F2BD} = {16984E62-55D6-4207-8025-FF7FE5D67FF4}
		{5807F518-97C8-4160-9BFC-2DC7EBA64A5B} = {16984E62-55D6-4207-8025-FF7FE5D67FF4}
	EndGlobalSection
EndGlobal
